
Microsoft Visual Studio Solution File, Format Version 12.00
# Visual Studio Version 16
VisualStudioVersion = 16.0.31205.134
MinimumVisualStudioVersion = 10.0.40219.1
Project("{FAE04EC0-301F-11D3-BF4B-00C04F79EFBC}") = "FastSql", "FastSql.csproj", "{FCDDA62F-A20A-4DDF-8B8E-7820117F1797}"
EndProject
Global
	GlobalSection(SolutionConfigurationPlatforms) = preSolution
		Debug|Any CPU = Debug|Any CPU
		Release|Any CPU = Release|Any CPU
	EndGlobalSection
	GlobalSection(ProjectConfigurationPlatforms) = postSolution
		{FCDDA62F-A20A-4DDF-8B8E-7820117F1797}.Debug|Any CPU.ActiveCfg = Debug|Any CPU
		{FCDDA62F-A20A-4DDF-8B8E-7820117F1797}.Debug|Any CPU.Build.0 = Debug|Any CPU
		{FCDDA62F-A20A-4DDF-8B8E-7820117F1797}.Release|Any CPU.ActiveCfg = Release|Any CPU
		{FCDDA62F-A20A-4DDF-8B8E-7820117F1797}.Release|Any CPU.Build.0 = Release|Any CPU
	EndGlobalSection
	GlobalSection(SolutionProperties) = preSolution
		HideSolutionNode = FALSE
	EndGlobalSection
	GlobalSection(ExtensibilityGlobals) = postSolution
		SolutionGuid = {7FBE0F54-B7BD-41BF-B86F-10F6E99B0E49}
	EndGlobalSection
EndGlobal
